
Microsoft Visual Studio Solution File, Format Version 12.00
# Visual Studio Version 17
VisualStudioVersion = 17.0.31903.59
MinimumVisualStudioVersion = 10.0.40219.1
Project("{FAE04EC0-301F-11D3-BF4B-00C04F79EFBC}") = "Hypertrophy.Domain", "Hypertrophy.Domain\Hypertrophy.Domain.csproj", "{F5EB0CAC-8D96-406D-BEC3-7F71BA1C0BCE}"
EndProject
Project("{FAE04EC0-301F-11D3-BF4B-00C04F79EFBC}") = "Hypertrophy.Application", "Hypertrophy.Application\Hypertrophy.Application.csproj", "{76FD8A00-0EC9-401A-9D33-44998A9B26EF}"
EndProject
Project("{FAE04EC0-301F-11D3-BF4B-00C04F79EFBC}") = "Hypertrophy.Infrastructure", "Hypertrophy.Infrastructure\Hypertrophy.Infrastructure.csproj", "{A7A97C73-5693-4570-A05C-7FB518379BA1}"
EndProject
Project("{FAE04EC0-301F-11D3-BF4B-00C04F79EFBC}") = "Hypertrophy.Api", "Hypertrophy.Api\Hypertrophy.Api.csproj", "{EF5C4C58-5632-4EA1-925C-865C66E1F0BA}"
EndProject
Global
	GlobalSection(SolutionConfigurationPlatforms) = preSolution
		Debug|Any CPU = Debug|Any CPU
		Release|Any CPU = Release|Any CPU
	EndGlobalSection
	GlobalSection(SolutionProperties) = preSolution
		HideSolutionNode = FALSE
	EndGlobalSection
	GlobalSection(ProjectConfigurationPlatforms) = postSolution
		{F5EB0CAC-8D96-406D-BEC3-7F71BA1C0BCE}.Debug|Any CPU.ActiveCfg = Debug|Any CPU
		{F5EB0CAC-8D96-406D-BEC3-7F71BA1C0BCE}.Debug|Any CPU.Build.0 = Debug|Any CPU
		{F5EB0CAC-8D96-406D-BEC3-7F71BA1C0BCE}.Release|Any CPU.ActiveCfg = Release|Any CPU
		{F5EB0CAC-8D96-406D-BEC3-7F71BA1C0BCE}.Release|Any CPU.Build.0 = Release|Any CPU
		{76FD8A00-0EC9-401A-9D33-44998A9B26EF}.Debug|Any CPU.ActiveCfg = Debug|Any CPU
		{76FD8A00-0EC9-401A-9D33-44998A9B26EF}.Debug|Any CPU.Build.0 = Debug|Any CPU
		{76FD8A00-0EC9-401A-9D33-44998A9B26EF}.Release|Any CPU.ActiveCfg = Release|Any CPU
		{76FD8A00-0EC9-401A-9D33-44998A9B26EF}.Release|Any CPU.Build.0 = Release|Any CPU
		{A7A97C73-5693-4570-A05C-7FB518379BA1}.Debug|Any CPU.ActiveCfg = Debug|Any CPU
		{A7A97C73-5693-4570-A05C-7FB518379BA1}.Debug|Any CPU.Build.0 = Debug|Any CPU
		{A7A97C73-5693-4570-A05C-7FB518379BA1}.Release|Any CPU.ActiveCfg = Release|Any CPU
		{A7A97C73-5693-4570-A05C-7FB518379BA1}.Release|Any CPU.Build.0 = Release|Any CPU
		{EF5C4C58-5632-4EA1-925C-865C66E1F0BA}.Debug|Any CPU.ActiveCfg = Debug|Any CPU
		{EF5C4C58-5632-4EA1-925C-865C66E1F0BA}.Debug|Any CPU.Build.0 = Debug|Any CPU
		{EF5C4C58-5632-4EA1-925C-865C66E1F0BA}.Release|Any CPU.ActiveCfg = Release|Any CPU
		{EF5C4C58-5632-4EA1-925C-865C66E1F0BA}.Release|Any CPU.Build.0 = Release|Any CPU
	EndGlobalSection
EndGlobal
